
Microsoft Visual Studio Solution File, Format Version 12.00
# Visual Studio 2012
Project("{FAE04EC0-301F-11D3-BF4B-00C04F79EFBC}") = "API", "API\API.csproj", "{D707D159-54A4-4B2A-AD76-769EE0653645}"
EndProject
Project("{FAE04EC0-301F-11D3-BF4B-00C04F79EFBC}") = "APItest", "APItest\APItest.csproj", "{25E2A9D0-1B03-4915-B8F2-CDF75C628D83}"
EndProject
Global
	GlobalSection(SolutionConfigurationPlatforms) = preSolution
		Debug|Any CPU = Debug|Any CPU
		Release|Any CPU = Release|Any CPU
	EndGlobalSection
	GlobalSection(ProjectConfigurationPlatforms) = postSolution
		{D707D159-54A4-4B2A-AD76-769EE0653645}.Debug|Any CPU.ActiveCfg = Debug|Any CPU
		{D707D159-54A4-4B2A-AD76-769EE0653645}.Debug|Any CPU.Build.0 = Debug|Any CPU
		{D707D159-54A4-4B2A-AD76-769EE0653645}.Release|Any CPU.ActiveCfg = Release|Any CPU
		{D707D159-54A4-4B2A-AD76-769EE0653645}.Release|Any CPU.Build.0 = Release|Any CPU
		{25E2A9D0-1B03-4915-B8F2-CDF75C628D83}.Debug|Any CPU.ActiveCfg = Debug|Any CPU
		{25E2A9D0-1B03-4915-B8F2-CDF75C628D83}.Debug|Any CPU.Build.0 = Debug|Any CPU
		{25E2A9D0-1B03-4915-B8F2-CDF75C628D83}.Release|Any CPU.ActiveCfg = Release|Any CPU
		{25E2A9D0-1B03-4915-B8F2-CDF75C628D83}.Release|Any CPU.Build.0 = Release|Any CPU
	EndGlobalSection
EndGlobal
